
Microsoft Visual Studio Solution File, Format Version 12.00
# Visual Studio Version 16
VisualStudioVersion = 16.0.29009.5
MinimumVisualStudioVersion = 10.0.40219.1
Project("{2150E333-8FDC-42A3-9474-1A3956D46DE8}") = "Sorting", "Sorting", "{9F13D495-001E-47AA-8F5D-7C8D1FB5AFF6}"
EndProject
Project("{FAE04EC0-301F-11D3-BF4B-00C04F79EFBC}") = "Common", "Common\Common.csproj", "{C34CAC28-313F-4D5F-BDD9-FBF0FC0B46F7}"
EndProject
Project("{FAE04EC0-301F-11D3-BF4B-00C04F79EFBC}") = "BubbleSort", "BubbleSort\BubbleSort.csproj", "{F3FCE4D6-9EBE-4211-97E0-8A3B252B9A2B}"
EndProject
Project("{FAE04EC0-301F-11D3-BF4B-00C04F79EFBC}") = "InsertionSort", "InsertionSort\InsertionSort.csproj", "{B9022510-704E-4732-B8CB-6CBCE0826D5A}"
EndProject
Project("{FAE04EC0-301F-11D3-BF4B-00C04F79EFBC}") = "SelectionSort", "SelectionSort\SelectionSort.csproj", "{E534B07B-3165-4A20-97B2-26BACFC110DF}"
EndProject
Project("{FAE04EC0-301F-11D3-BF4B-00C04F79EFBC}") = "MergeSort", "MergeSort\MergeSort.csproj", "{154F665B-E56F-43AE-B0BD-747BC5F192A4}"
EndProject
Project("{FAE04EC0-301F-11D3-BF4B-00C04F79EFBC}") = "QuickSort", "QuickSort\QuickSort.csproj", "{B630E415-E938-495C-B36C-B293FF7668D4}"
EndProject
Project("{2150E333-8FDC-42A3-9474-1A3956D46DE8}") = "Trees", "Trees", "{BE52AAA3-4723-4C04-BE6B-74805D447871}"
EndProject
Project("{FAE04EC0-301F-11D3-BF4B-00C04F79EFBC}") = "TreeTraversal", "TreeTraversal\TreeTraversal.csproj", "{3CC0D69B-E51D-40C5-813E-509292308F61}"
EndProject
Project("{2150E333-8FDC-42A3-9474-1A3956D46DE8}") = "Search", "Search", "{04681561-3889-4536-A9FC-F6553B17DA79}"
EndProject
Project("{FAE04EC0-301F-11D3-BF4B-00C04F79EFBC}") = "BinarySearch", "BinarySearch\BinarySearch.csproj", "{DB0E0C54-D4F7-4806-B863-EC471E48CE3A}"
EndProject
Project("{FAE04EC0-301F-11D3-BF4B-00C04F79EFBC}") = "BreadthFirstSearch", "BreadthFirstSearch\BreadthFirstSearch.csproj", "{DA2AC9AE-3B56-4A54-857C-7CEAF3625D7A}"
EndProject
Project("{FAE04EC0-301F-11D3-BF4B-00C04F79EFBC}") = "DepthFirstSearch", "DepthFirstSearch\DepthFirstSearch.csproj", "{75EB4AF2-F53A-4F85-B794-67F862A48B44}"
EndProject
Project("{FAE04EC0-301F-11D3-BF4B-00C04F79EFBC}") = "TreeInsertDelete", "TreeInsertDelete\TreeInsertDelete.csproj", "{7D03C525-992F-43AA-A2FE-DB1B3B51AF37}"
EndProject
Project("{FAE04EC0-301F-11D3-BF4B-00C04F79EFBC}") = "CountSort", "CountSort\CountSort.csproj", "{042412B0-6F68-4A02-BD42-04823B8CED11}"
EndProject
Project("{FAE04EC0-301F-11D3-BF4B-00C04F79EFBC}") = "BucketSortCsharp", "BucketSortCsharp\BucketSortCsharp.csproj", "{1452130D-2E4D-46A6-A181-30C03F4A7892}"
EndProject
Project("{FAE04EC0-301F-11D3-BF4B-00C04F79EFBC}") = "RadixSort", "RadixSort\RadixSort.csproj", "{FB34CB66-668E-44D4-8660-80A071918B4D}"
EndProject
Global
	GlobalSection(SolutionConfigurationPlatforms) = preSolution
		Debug|Any CPU = Debug|Any CPU
		Release|Any CPU = Release|Any CPU
	EndGlobalSection
	GlobalSection(ProjectConfigurationPlatforms) = postSolution
		{C34CAC28-313F-4D5F-BDD9-FBF0FC0B46F7}.Debug|Any CPU.ActiveCfg = Debug|Any CPU
		{C34CAC28-313F-4D5F-BDD9-FBF0FC0B46F7}.Debug|Any CPU.Build.0 = Debug|Any CPU
		{C34CAC28-313F-4D5F-BDD9-FBF0FC0B46F7}.Release|Any CPU.ActiveCfg = Release|Any CPU
		{C34CAC28-313F-4D5F-BDD9-FBF0FC0B46F7}.Release|Any CPU.Build.0 = Release|Any CPU
		{F3FCE4D6-9EBE-4211-97E0-8A3B252B9A2B}.Debug|Any CPU.ActiveCfg = Debug|Any CPU
		{F3FCE4D6-9EBE-4211-97E0-8A3B252B9A2B}.Debug|Any CPU.Build.0 = Debug|Any CPU
		{F3FCE4D6-9EBE-4211-97E0-8A3B252B9A2B}.Release|Any CPU.ActiveCfg = Release|Any CPU
		{F3FCE4D6-9EBE-4211-97E0-8A3B252B9A2B}.Release|Any CPU.Build.0 = Release|Any CPU
		{B9022510-704E-4732-B8CB-6CBCE0826D5A}.Debug|Any CPU.ActiveCfg = Debug|Any CPU
		{B9022510-704E-4732-B8CB-6CBCE0826D5A}.Debug|Any CPU.Build.0 = Debug|Any CPU
		{B9022510-704E-4732-B8CB-6CBCE0826D5A}.Release|Any CPU.ActiveCfg = Release|Any CPU
		{B9022510-704E-4732-B8CB-6CBCE0826D5A}.Release|Any CPU.Build.0 = Release|Any CPU
		{E534B07B-3165-4A20-97B2-26BACFC110DF}.Debug|Any CPU.ActiveCfg = Debug|Any CPU
		{E534B07B-3165-4A20-97B2-26BACFC110DF}.Debug|Any CPU.Build.0 = Debug|Any CPU
		{E534B07B-3165-4A20-97B2-26BACFC110DF}.Release|Any CPU.ActiveCfg = Release|Any CPU
		{E534B07B-3165-4A20-97B2-26BACFC110DF}.Release|Any CPU.Build.0 = Release|Any CPU
		{154F665B-E56F-43AE-B0BD-747BC5F192A4}.Debug|Any CPU.ActiveCfg = Debug|Any CPU
		{154F665B-E56F-43AE-B0BD-747BC5F192A4}.Debug|Any CPU.Build.0 = Debug|Any CPU
		{154F665B-E56F-43AE-B0BD-747BC5F192A4}.Release|Any CPU.ActiveCfg = Release|Any CPU
		{154F665B-E56F-43AE-B0BD-747BC5F192A4}.Release|Any CPU.Build.0 = Release|Any CPU
		{B630E415-E938-495C-B36C-B293FF7668D4}.Debug|Any CPU.ActiveCfg = Debug|Any CPU
		{B630E415-E938-495C-B36C-B293FF7668D4}.Debug|Any CPU.Build.0 = Debug|Any CPU
		{B630E415-E938-495C-B36C-B293FF7668D4}.Release|Any CPU.ActiveCfg = Release|Any CPU
		{B630E415-E938-495C-B36C-B293FF7668D4}.Release|Any CPU.Build.0 = Release|Any CPU
		{3CC0D69B-E51D-40C5-813E-509292308F61}.Debug|Any CPU.ActiveCfg = Debug|Any CPU
		{3CC0D69B-E51D-40C5-813E-509292308F61}.Debug|Any CPU.Build.0 = Debug|Any CPU
		{3CC0D69B-E51D-40C5-813E-509292308F61}.Release|Any CPU.ActiveCfg = Release|Any CPU
		{3CC0D69B-E51D-40C5-813E-509292308F61}.Release|Any CPU.Build.0 = Release|Any CPU
		{DB0E0C54-D4F7-4806-B863-EC471E48CE3A}.Debug|Any CPU.ActiveCfg = Debug|Any CPU
		{DB0E0C54-D4F7-4806-B863-EC471E48CE3A}.Debug|Any CPU.Build.0 = Debug|Any CPU
		{DB0E0C54-D4F7-4806-B863-EC471E48CE3A}.Release|Any CPU.ActiveCfg = Release|Any CPU
		{DB0E0C54-D4F7-4806-B863-EC471E48CE3A}.Release|Any CPU.Build.0 = Release|Any CPU
		{DA2AC9AE-3B56-4A54-857C-7CEAF3625D7A}.Debug|Any CPU.ActiveCfg = Debug|Any CPU
		{DA2AC9AE-3B56-4A54-857C-7CEAF3625D7A}.Debug|Any CPU.Build.0 = Debug|Any CPU
		{DA2AC9AE-3B56-4A54-857C-7CEAF3625D7A}.Release|Any CPU.ActiveCfg = Release|Any CPU
		{DA2AC9AE-3B56-4A54-857C-7CEAF3625D7A}.Release|Any CPU.Build.0 = Release|Any CPU
		{75EB4AF2-F53A-4F85-B794-67F862A48B44}.Debug|Any CPU.ActiveCfg = Debug|Any CPU
		{75EB4AF2-F53A-4F85-B794-67F862A48B44}.Debug|Any CPU.Build.0 = Debug|Any CPU
		{75EB4AF2-F53A-4F85-B794-67F862A48B44}.Release|Any CPU.ActiveCfg = Release|Any CPU
		{75EB4AF2-F53A-4F85-B794-67F862A48B44}.Release|Any CPU.Build.0 = Release|Any CPU
		{7D03C525-992F-43AA-A2FE-DB1B3B51AF37}.Debug|Any CPU.ActiveCfg = Debug|Any CPU
		{7D03C525-992F-43AA-A2FE-DB1B3B51AF37}.Debug|Any CPU.Build.0 = Debug|Any CPU
		{7D03C525-992F-43AA-A2FE-DB1B3B51AF37}.Release|Any CPU.ActiveCfg = Release|Any CPU
		{7D03C525-992F-43AA-A2FE-DB1B3B51AF37}.Release|Any CPU.Build.0 = Release|Any CPU
		{042412B0-6F68-4A02-BD42-04823B8CED11}.Debug|Any CPU.ActiveCfg = Debug|Any CPU
		{042412B0-6F68-4A02-BD42-04823B8CED11}.Debug|Any CPU.Build.0 = Debug|Any CPU
		{042412B0-6F68-4A02-BD42-04823B8CED11}.Release|Any CPU.ActiveCfg = Release|Any CPU
		{042412B0-6F68-4A02-BD42-04823B8CED11}.Release|Any CPU.Build.0 = Release|Any CPU
		{1452130D-2E4D-46A6-A181-30C03F4A7892}.Debug|Any CPU.ActiveCfg = Debug|Any CPU
		{1452130D-2E4D-46A6-A181-30C03F4A7892}.Debug|Any CPU.Build.0 = Debug|Any CPU
		{1452130D-2E4D-46A6-A181-30C03F4A7892}.Release|Any CPU.ActiveCfg = Release|Any CPU
		{1452130D-2E4D-46A6-A181-30C03F4A7892}.Release|Any CPU.Build.0 = Release|Any CPU
		{FB34CB66-668E-44D4-8660-80A071918B4D}.Debug|Any CPU.ActiveCfg = Debug|Any CPU
		{FB34CB66-668E-44D4-8660-80A071918B4D}.Debug|Any CPU.Build.0 = Debug|Any CPU
		{FB34CB66-668E-44D4-8660-80A071918B4D}.Release|Any CPU.ActiveCfg = Release|Any CPU
		{FB34CB66-668E-44D4-8660-80A071918B4D}.Release|Any CPU.Build.0 = Release|Any CPU
	EndGlobalSection
	GlobalSection(SolutionProperties) = preSolution
		HideSolutionNode = FALSE
	EndGlobalSection
	GlobalSection(NestedProjects) = preSolution
		{F3FCE4D6-9EBE-4211-97E0-8A3B252B9A2B} = {9F13D495-001E-47AA-8F5D-7C8D1FB5AFF6}
		{B9022510-704E-4732-B8CB-6CBCE0826D5A} = {9F13D495-001E-47AA-8F5D-7C8D1FB5AFF6}
		{E534B07B-3165-4A20-97B2-26BACFC110DF} = {9F13D495-001E-47AA-8F5D-7C8D1FB5AFF6}
		{154F665B-E56F-43AE-B0BD-747BC5F192A4} = {9F13D495-001E-47AA-8F5D-7C8D1FB5AFF6}
		{B630E415-E938-495C-B36C-B293FF7668D4} = {9F13D495-001E-47AA-8F5D-7C8D1FB5AFF6}
		{3CC0D69B-E51D-40C5-813E-509292308F61} = {BE52AAA3-4723-4C04-BE6B-74805D447871}
		{DB0E0C54-D4F7-4806-B863-EC471E48CE3A} = {04681561-3889-4536-A9FC-F6553B17DA79}
		{DA2AC9AE-3B56-4A54-857C-7CEAF3625D7A} = {04681561-3889-4536-A9FC-F6553B17DA79}
		{75EB4AF2-F53A-4F85-B794-67F862A48B44} = {04681561-3889-4536-A9FC-F6553B17DA79}
		{7D03C525-992F-43AA-A2FE-DB1B3B51AF37} = {BE52AAA3-4723-4C04-BE6B-74805D447871}
		{042412B0-6F68-4A02-BD42-04823B8CED11} = {9F13D495-001E-47AA-8F5D-7C8D1FB5AFF6}
		{1452130D-2E4D-46A6-A181-30C03F4A7892} = {9F13D495-001E-47AA-8F5D-7C8D1FB5AFF6}
		{FB34CB66-668E-44D4-8660-80A071918B4D} = {9F13D495-001E-47AA-8F5D-7C8D1FB5AFF6}
	EndGlobalSection
	GlobalSection(ExtensibilityGlobals) = postSolution
		SolutionGuid = {482C88A2-169E-4338-A9A2-617D33ECCC63}
	EndGlobalSection
EndGlobal
