
Microsoft Visual Studio Solution File, Format Version 12.00
# Visual Studio Version 16
VisualStudioVersion = 16.0.29009.5
MinimumVisualStudioVersion = 10.0.40219.1
Project("{FAE04EC0-301F-11D3-BF4B-00C04F79EFBC}") = "Fibonacci", "Fibonacci\Fibonacci.csproj", "{9C5D0625-3E40-478E-AD3E-D83F02E159B2}"
EndProject
Project("{FAE04EC0-301F-11D3-BF4B-00C04F79EFBC}") = "FibonacciTests", "FibonacciTests\FibonacciTests.csproj", "{B0D9E7D9-3744-45EF-952B-F73DDB3C92F0}"
EndProject
Global
	GlobalSection(SolutionConfigurationPlatforms) = preSolution
		Debug|Any CPU = Debug|Any CPU
		Release|Any CPU = Release|Any CPU
	EndGlobalSection
	GlobalSection(ProjectConfigurationPlatforms) = postSolution
		{9C5D0625-3E40-478E-AD3E-D83F02E159B2}.Debug|Any CPU.ActiveCfg = Debug|Any CPU
		{9C5D0625-3E40-478E-AD3E-D83F02E159B2}.Debug|Any CPU.Build.0 = Debug|Any CPU
		{9C5D0625-3E40-478E-AD3E-D83F02E159B2}.Release|Any CPU.ActiveCfg = Release|Any CPU
		{9C5D0625-3E40-478E-AD3E-D83F02E159B2}.Release|Any CPU.Build.0 = Release|Any CPU
		{B0D9E7D9-3744-45EF-952B-F73DDB3C92F0}.Debug|Any CPU.ActiveCfg = Debug|Any CPU
		{B0D9E7D9-3744-45EF-952B-F73DDB3C92F0}.Debug|Any CPU.Build.0 = Debug|Any CPU
		{B0D9E7D9-3744-45EF-952B-F73DDB3C92F0}.Release|Any CPU.ActiveCfg = Release|Any CPU
		{B0D9E7D9-3744-45EF-952B-F73DDB3C92F0}.Release|Any CPU.Build.0 = Release|Any CPU
	EndGlobalSection
	GlobalSection(SolutionProperties) = preSolution
		HideSolutionNode = FALSE
	EndGlobalSection
	GlobalSection(ExtensibilityGlobals) = postSolution
		SolutionGuid = {2BE77778-8C93-40CF-82C6-C57EAE657B11}
	EndGlobalSection
EndGlobal
